
Microsoft Visual Studio Solution File, Format Version 12.00
# Visual Studio Version 16
VisualStudioVersion = 16.0.30503.244
MinimumVisualStudioVersion = 10.0.40219.1
Project("{FAE04EC0-301F-11D3-BF4B-00C04F79EFBC}") = "CLAirportChartsManager", "CLAirportChartsManager\CLAirportChartsManager.csproj", "{205BA801-F238-4AE3-83AA-7BD58E71F75E}"
EndProject
Project("{FAE04EC0-301F-11D3-BF4B-00C04F79EFBC}") = "WFAirportChartsManager", "WFAirportChartsManager\WFAirportChartsManager.csproj", "{175CDD23-9363-4653-9F54-6A4CBB8F6A42}"
EndProject
Project("{FAE04EC0-301F-11D3-BF4B-00C04F79EFBC}") = "CAAirportChartsManager", "CAAirportChartsManager\CAAirportChartsManager.csproj", "{380057F2-F3A8-4415-8E50-FE4920256075}"
EndProject
Global
	GlobalSection(SolutionConfigurationPlatforms) = preSolution
		Debug|Any CPU = Debug|Any CPU
		Release|Any CPU = Release|Any CPU
	EndGlobalSection
	GlobalSection(ProjectConfigurationPlatforms) = postSolution
		{205BA801-F238-4AE3-83AA-7BD58E71F75E}.Debug|Any CPU.ActiveCfg = Debug|Any CPU
		{205BA801-F238-4AE3-83AA-7BD58E71F75E}.Debug|Any CPU.Build.0 = Debug|Any CPU
		{205BA801-F238-4AE3-83AA-7BD58E71F75E}.Release|Any CPU.ActiveCfg = Release|Any CPU
		{205BA801-F238-4AE3-83AA-7BD58E71F75E}.Release|Any CPU.Build.0 = Release|Any CPU
		{175CDD23-9363-4653-9F54-6A4CBB8F6A42}.Debug|Any CPU.ActiveCfg = Debug|Any CPU
		{175CDD23-9363-4653-9F54-6A4CBB8F6A42}.Debug|Any CPU.Build.0 = Debug|Any CPU
		{175CDD23-9363-4653-9F54-6A4CBB8F6A42}.Release|Any CPU.ActiveCfg = Release|Any CPU
		{175CDD23-9363-4653-9F54-6A4CBB8F6A42}.Release|Any CPU.Build.0 = Release|Any CPU
		{380057F2-F3A8-4415-8E50-FE4920256075}.Debug|Any CPU.ActiveCfg = Debug|Any CPU
		{380057F2-F3A8-4415-8E50-FE4920256075}.Debug|Any CPU.Build.0 = Debug|Any CPU
		{380057F2-F3A8-4415-8E50-FE4920256075}.Release|Any CPU.ActiveCfg = Release|Any CPU
		{380057F2-F3A8-4415-8E50-FE4920256075}.Release|Any CPU.Build.0 = Release|Any CPU
	EndGlobalSection
	GlobalSection(SolutionProperties) = preSolution
		HideSolutionNode = FALSE
	EndGlobalSection
	GlobalSection(ExtensibilityGlobals) = postSolution
		SolutionGuid = {5FDF2C54-DCF1-4D68-A3FF-5A0CFCCC2749}
	EndGlobalSection
EndGlobal
